
Microsoft Visual Studio Solution File, Format Version 12.00
# Visual Studio Version 16
VisualStudioVersion = 16.0.30114.105
MinimumVisualStudioVersion = 10.0.40219.1
Project("{2150E333-8FDC-42A3-9474-1A3956D46DE8}") = "Core", "Core", "{1B104FFB-4B34-4DBC-AC64-E68C23CC180D}"
EndProject
Project("{2150E333-8FDC-42A3-9474-1A3956D46DE8}") = "Domain", "Domain", "{2A635786-0E6C-4927-BEE1-F3DD6F7991A6}"
EndProject
Project("{FAE04EC0-301F-11D3-BF4B-00C04F79EFBC}") = "core.domain", "Core\Domain\core.domain\core.domain.csproj", "{CA6B3456-0D69-427C-9379-050793CA47B9}"
EndProject
Global
	GlobalSection(SolutionConfigurationPlatforms) = preSolution
		Debug|Any CPU = Debug|Any CPU
		Release|Any CPU = Release|Any CPU
	EndGlobalSection
	GlobalSection(SolutionProperties) = preSolution
		HideSolutionNode = FALSE
	EndGlobalSection
	GlobalSection(ProjectConfigurationPlatforms) = postSolution
		{CA6B3456-0D69-427C-9379-050793CA47B9}.Debug|Any CPU.ActiveCfg = Debug|Any CPU
		{CA6B3456-0D69-427C-9379-050793CA47B9}.Debug|Any CPU.Build.0 = Debug|Any CPU
		{CA6B3456-0D69-427C-9379-050793CA47B9}.Release|Any CPU.ActiveCfg = Release|Any CPU
		{CA6B3456-0D69-427C-9379-050793CA47B9}.Release|Any CPU.Build.0 = Release|Any CPU
	EndGlobalSection
	GlobalSection(NestedProjects) = preSolution
		{2A635786-0E6C-4927-BEE1-F3DD6F7991A6} = {1B104FFB-4B34-4DBC-AC64-E68C23CC180D}
		{CA6B3456-0D69-427C-9379-050793CA47B9} = {2A635786-0E6C-4927-BEE1-F3DD6F7991A6}
	EndGlobalSection
EndGlobal
